
Microsoft Visual Studio Solution File, Format Version 12.00
# Visual Studio Version 16
VisualStudioVersion = 16.0.31515.178
MinimumVisualStudioVersion = 10.0.40219.1
Project("{FAE04EC0-301F-11D3-BF4B-00C04F79EFBC}") = "LeetCodePractice", "LeetCodePractice.csproj", "{8D021DD8-F3CE-426A-A247-1D302D35F31A}"
EndProject
Global
	GlobalSection(SolutionConfigurationPlatforms) = preSolution
		Debug|Any CPU = Debug|Any CPU
		Release|Any CPU = Release|Any CPU
	EndGlobalSection
	GlobalSection(ProjectConfigurationPlatforms) = postSolution
		{8D021DD8-F3CE-426A-A247-1D302D35F31A}.Debug|Any CPU.ActiveCfg = Debug|Any CPU
		{8D021DD8-F3CE-426A-A247-1D302D35F31A}.Debug|Any CPU.Build.0 = Debug|Any CPU
		{8D021DD8-F3CE-426A-A247-1D302D35F31A}.Release|Any CPU.ActiveCfg = Release|Any CPU
		{8D021DD8-F3CE-426A-A247-1D302D35F31A}.Release|Any CPU.Build.0 = Release|Any CPU
	EndGlobalSection
	GlobalSection(SolutionProperties) = preSolution
		HideSolutionNode = FALSE
	EndGlobalSection
	GlobalSection(ExtensibilityGlobals) = postSolution
		SolutionGuid = {E57185A6-50E9-46B0-83D7-C056714BC9C5}
	EndGlobalSection
EndGlobal
